
Microsoft Visual Studio Solution File, Format Version 12.00
# Visual Studio Version 16
VisualStudioVersion = 16.0.31613.86
MinimumVisualStudioVersion = 10.0.40219.1
Project("{FAE04EC0-301F-11D3-BF4B-00C04F79EFBC}") = "Tipo_Combustivel", "Tipo_Combustivel\Tipo_Combustivel.csproj", "{09078813-7C7B-4C35-9464-27D3DF504260}"
EndProject
Global
	GlobalSection(SolutionConfigurationPlatforms) = preSolution
		Debug|Any CPU = Debug|Any CPU
		Release|Any CPU = Release|Any CPU
	EndGlobalSection
	GlobalSection(ProjectConfigurationPlatforms) = postSolution
		{09078813-7C7B-4C35-9464-27D3DF504260}.Debug|Any CPU.ActiveCfg = Debug|Any CPU
		{09078813-7C7B-4C35-9464-27D3DF504260}.Debug|Any CPU.Build.0 = Debug|Any CPU
		{09078813-7C7B-4C35-9464-27D3DF504260}.Release|Any CPU.ActiveCfg = Release|Any CPU
		{09078813-7C7B-4C35-9464-27D3DF504260}.Release|Any CPU.Build.0 = Release|Any CPU
	EndGlobalSection
	GlobalSection(SolutionProperties) = preSolution
		HideSolutionNode = FALSE
	EndGlobalSection
	GlobalSection(ExtensibilityGlobals) = postSolution
		SolutionGuid = {4B697116-BD85-4305-AE56-5A7C0D7AFD28}
	EndGlobalSection
EndGlobal
